PODS:
  - KZ_Categories (0.1.1):
    - KZ_JSON
  - KZ_JSON (0.1.1)
  - KZ_MacroDefinition (0.1)
  - Masonry (1.1.0)

DEPENDENCIES:
  - KZ_Categories
  - KZ_MacroDefinition
  - Masonry

SPEC CHECKSUMS:
  KZ_Categories: d6912d6f71c2eab6d427f806e7129a9bbbd00e96
  KZ_JSON: 29f35829b005d283411de59f4063de5bfc1ebdcb
  KZ_MacroDefinition: a05fc994e414f159cff52e8fecbd060b611c7b47
  Masonry: 678fab65091a9290e40e2832a55e7ab731aad201

PODFILE CHECKSUM: fd634c57080e6ce04b962c54e2de8cec053e76b1

COCOAPODS: 1.3.1
