// !$*UTF8*$!
{
	archiveVersion = 1;
	classes = {
	};
	objectVersion = 50;
	objects = {

/* Begin PBXBuildFile section */
		7473F8371CA6F944B2139952 /* Pods_KZ_VideoPlayer_iOS.framework in Frameworks */ = {isa = PBXBuildFile; fileRef = BC2B48370862713B5CD59A15 /* Pods_KZ_VideoPlayer_iOS.framework */; };
		AE4004B620A413B000017619 /* AppDelegate.m in Sources */ = {isa = PBXBuildFile; fileRef = AE4004B520A413B000017619 /* AppDelegate.m */; };
		AE4004B920A413B000017619 /* ViewController.m in Sources */ = {isa = PBXBuildFile; fileRef = AE4004B820A413B000017619 /* ViewController.m */; };
		AE4004BC20A413B000017619 /* Main.storyboard in Resources */ = {isa = PBXBuildFile; fileRef = AE4004BA20A413B000017619 /* Main.storyboard */; };
		AE4004BE20A413B000017619 /* Assets.xcassets in Resources */ = {isa = PBXBuildFile; fileRef = AE4004BD20A413B000017619 /* Assets.xcassets */; };
		AE4004C120A413B000017619 /* LaunchScreen.storyboard in Resources */ = {isa = PBXBuildFile; fileRef = AE4004BF20A413B000017619 /* LaunchScreen.storyboard */; };
		AE4004C420A413B000017619 /* main.m in Sources */ = {isa = PBXBuildFile; fileRef = AE4004C320A413B000017619 /* main.m */; };
		AE4004D220A4144800017619 /* NavigationController.m in Sources */ = {isa = PBXBuildFile; fileRef = AE4004D120A4144800017619 /* NavigationController.m */; };
		AE4004D520A4148100017619 /* KZ_VideoPlayerViewController.m in Sources */ = {isa = PBXBuildFile; fileRef = AE4004D420A4148100017619 /* KZ_VideoPlayerViewController.m */; };
		AE4004D820A4149700017619 /* KZ_VideoTableViewController.m in Sources */ = {isa = PBXBuildFile; fileRef = AE4004D720A4149700017619 /* KZ_VideoTableViewController.m */; };
		AE4004DB20A414B300017619 /* KZ_VideoPlayerCell.m in Sources */ = {isa = PBXBuildFile; fileRef = AE4004DA20A414B300017619 /* KZ_VideoPlayerCell.m */; };
		AE4004DE20A414CC00017619 /* KZ_VideoModel.m in Sources */ = {isa = PBXBuildFile; fileRef = AE4004DD20A414CC00017619 /* KZ_VideoModel.m */; };
		AE4004E020A414F500017619 /* KZ_VideoPlayer_Bundle.bundle in Resources */ = {isa = PBXBuildFile; fileRef = AE4004DF20A414F500017619 /* KZ_VideoPlayer_Bundle.bundle */; };
		AEF94DF021786F3E0063EE69 /* KZ_VideoPlayer_iOS.framework in Frameworks */ = {isa = PBXBuildFile; fileRef = AEF94DEF21786F3E0063EE69 /* KZ_VideoPlayer_iOS.framework */; };
/* End PBXBuildFile section */

/* Begin PBXFileReference section */
		275620E4BFCA241BAFD7E9E3 /* Pods-KZ_VideoPlayer_iOS.debug.xcconfig */ = {isa = PBXFileReference; includeInIndex = 1; lastKnownFileType = text.xcconfig; name = "Pods-KZ_VideoPlayer_iOS.debug.xcconfig"; path = "Pods/Target Support Files/Pods-KZ_VideoPlayer_iOS/Pods-KZ_VideoPlayer_iOS.debug.xcconfig"; sourceTree = "<group>"; };
		AE4004B220A413B000017619 /* KZ_VideoPlayer_iOS.app */ = {isa = PBXFileReference; explicitFileType = wrapper.application; includeInIndex = 0; path = KZ_VideoPlayer_iOS.app; sourceTree = BUILT_PRODUCTS_DIR; };
		AE4004B420A413B000017619 /* AppDelegate.h */ = {isa = PBXFileReference; lastKnownFileType = sourcecode.c.h; path = AppDelegate.h; sourceTree = "<group>"; };
		AE4004B520A413B000017619 /* AppDelegate.m */ = {isa = PBXFileReference; lastKnownFileType = sourcecode.c.objc; path = AppDelegate.m; sourceTree = "<group>"; };
		AE4004B720A413B000017619 /* ViewController.h */ = {isa = PBXFileReference; lastKnownFileType = sourcecode.c.h; path = ViewController.h; sourceTree = "<group>"; };
		AE4004B820A413B000017619 /* ViewController.m */ = {isa = PBXFileReference; lastKnownFileType = sourcecode.c.objc; path = ViewController.m; sourceTree = "<group>"; };
		AE4004BB20A413B000017619 /* Base */ = {isa = PBXFileReference; lastKnownFileType = file.storyboard; name = Base; path = Base.lproj/Main.storyboard; sourceTree = "<group>"; };
		AE4004BD20A413B000017619 /* Assets.xcassets */ = {isa = PBXFileReference; lastKnownFileType = folder.assetcatalog; path = Assets.xcassets; sourceTree = "<group>"; };
		AE4004C020A413B000017619 /* Base */ = {isa = PBXFileReference; lastKnownFileType = file.storyboard; name = Base; path = Base.lproj/LaunchScreen.storyboard; sourceTree = "<group>"; };
		AE4004C220A413B000017619 /* Info.plist */ = {isa = PBXFileReference; lastKnownFileType = text.plist.xml; path = Info.plist; sourceTree = "<group>"; };
		AE4004C320A413B000017619 /* main.m */ = {isa = PBXFileReference; lastKnownFileType = sourcecode.c.objc; path = main.m; sourceTree = "<group>"; };
		AE4004D020A4144800017619 /* NavigationController.h */ = {isa = PBXFileReference; lastKnownFileType = sourcecode.c.h; path = NavigationController.h; sourceTree = "<group>"; };
		AE4004D120A4144800017619 /* NavigationController.m */ = {isa = PBXFileReference; lastKnownFileType = sourcecode.c.objc; path = NavigationController.m; sourceTree = "<group>"; };
		AE4004D320A4148100017619 /* KZ_VideoPlayerViewController.h */ = {isa = PBXFileReference; lastKnownFileType = sourcecode.c.h; path = KZ_VideoPlayerViewController.h; sourceTree = "<group>"; };
		AE4004D420A4148100017619 /* KZ_VideoPlayerViewController.m */ = {isa = PBXFileReference; lastKnownFileType = sourcecode.c.objc; path = KZ_VideoPlayerViewController.m; sourceTree = "<group>"; };
		AE4004D620A4149700017619 /* KZ_VideoTableViewController.h */ = {isa = PBXFileReference; lastKnownFileType = sourcecode.c.h; path = KZ_VideoTableViewController.h; sourceTree = "<group>"; };
		AE4004D720A4149700017619 /* KZ_VideoTableViewController.m */ = {isa = PBXFileReference; lastKnownFileType = sourcecode.c.objc; path = KZ_VideoTableViewController.m; sourceTree = "<group>"; };
		AE4004D920A414B300017619 /* KZ_VideoPlayerCell.h */ = {isa = PBXFileReference; lastKnownFileType = sourcecode.c.h; path = KZ_VideoPlayerCell.h; sourceTree = "<group>"; };
		AE4004DA20A414B300017619 /* KZ_VideoPlayerCell.m */ = {isa = PBXFileReference; lastKnownFileType = sourcecode.c.objc; path = KZ_VideoPlayerCell.m; sourceTree = "<group>"; };
		AE4004DC20A414CC00017619 /* KZ_VideoModel.h */ = {isa = PBXFileReference; lastKnownFileType = sourcecode.c.h; path = KZ_VideoModel.h; sourceTree = "<group>"; };
		AE4004DD20A414CC00017619 /* KZ_VideoModel.m */ = {isa = PBXFileReference; lastKnownFileType = sourcecode.c.objc; path = KZ_VideoModel.m; sourceTree = "<group>"; };
		AE4004DF20A414F500017619 /* KZ_VideoPlayer_Bundle.bundle */ = {isa = PBXFileReference; lastKnownFileType = "wrapper.plug-in"; path = KZ_VideoPlayer_Bundle.bundle; sourceTree = "<group>"; };
		AEF94DEF21786F3E0063EE69 /* KZ_VideoPlayer_iOS.framework */ = {isa = PBXFileReference; lastKnownFileType = wrapper.framework; path = KZ_VideoPlayer_iOS.framework; sourceTree = "<group>"; };
		BC2B48370862713B5CD59A15 /* Pods_KZ_VideoPlayer_iOS.framework */ = {isa = PBXFileReference; explicitFileType = wrapper.framework; includeInIndex = 0; path = Pods_KZ_VideoPlayer_iOS.framework; sourceTree = BUILT_PRODUCTS_DIR; };
		DAD090BD4789495168E7DA13 /* Pods-KZ_VideoPlayer_iOS.release.xcconfig */ = {isa = PBXFileReference; includeInIndex = 1; lastKnownFileType = text.xcconfig; name = "Pods-KZ_VideoPlayer_iOS.release.xcconfig"; path = "Pods/Target Support Files/Pods-KZ_VideoPlayer_iOS/Pods-KZ_VideoPlayer_iOS.release.xcconfig"; sourceTree = "<group>"; };
/* End PBXFileReference section */

/* Begin PBXFrameworksBuildPhase section */
		AE4004AF20A413B000017619 /* Frameworks */ = {
			isa = PBXFrameworksBuildPhase;
			buildActionMask = 2147483647;
			files = (
				AEF94DF021786F3E0063EE69 /* KZ_VideoPlayer_iOS.framework in Frameworks */,
				7473F8371CA6F944B2139952 /* Pods_KZ_VideoPlayer_iOS.framework in Frameworks */,
			);
			runOnlyForDeploymentPostprocessing = 0;
		};
/* End PBXFrameworksBuildPhase section */

/* Begin PBXGroup section */
		269A7FF2DB9AB18155D52340 /* Pods */ = {
			isa = PBXGroup;
			children = (
				275620E4BFCA241BAFD7E9E3 /* Pods-KZ_VideoPlayer_iOS.debug.xcconfig */,
				DAD090BD4789495168E7DA13 /* Pods-KZ_VideoPlayer_iOS.release.xcconfig */,
			);
			name = Pods;
			sourceTree = "<group>";
		};
		6D1C096AE491849D541E2305 /* Frameworks */ = {
			isa = PBXGroup;
			children = (
				BC2B48370862713B5CD59A15 /* Pods_KZ_VideoPlayer_iOS.framework */,
			);
			name = Frameworks;
			sourceTree = "<group>";
		};
		AE40048C20A413A500017619 = {
			isa = PBXGroup;
			children = (
				AE4004B320A413B000017619 /* KZ_VideoPlayer_iOS */,
				AE40049620A413A500017619 /* Products */,
				269A7FF2DB9AB18155D52340 /* Pods */,
				6D1C096AE491849D541E2305 /* Frameworks */,
			);
			sourceTree = "<group>";
		};
		AE40049620A413A500017619 /* Products */ = {
			isa = PBXGroup;
			children = (
				AE4004B220A413B000017619 /* KZ_VideoPlayer_iOS.app */,
			);
			name = Products;
			sourceTree = "<group>";
		};
		AE4004B320A413B000017619 /* KZ_VideoPlayer_iOS */ = {
			isa = PBXGroup;
			children = (
				AE4004B420A413B000017619 /* AppDelegate.h */,
				AE4004B520A413B000017619 /* AppDelegate.m */,
				AE4004D020A4144800017619 /* NavigationController.h */,
				AE4004D120A4144800017619 /* NavigationController.m */,
				AE4004B720A413B000017619 /* ViewController.h */,
				AE4004B820A413B000017619 /* ViewController.m */,
				AE4004D320A4148100017619 /* KZ_VideoPlayerViewController.h */,
				AE4004D420A4148100017619 /* KZ_VideoPlayerViewController.m */,
				AE4004D620A4149700017619 /* KZ_VideoTableViewController.h */,
				AE4004D720A4149700017619 /* KZ_VideoTableViewController.m */,
				AE4004D920A414B300017619 /* KZ_VideoPlayerCell.h */,
				AE4004DA20A414B300017619 /* KZ_VideoPlayerCell.m */,
				AE4004DC20A414CC00017619 /* KZ_VideoModel.h */,
				AE4004DD20A414CC00017619 /* KZ_VideoModel.m */,
				AE4004DF20A414F500017619 /* KZ_VideoPlayer_Bundle.bundle */,
				AE4004CD20A4141E00017619 /* VideoPlayer */,
				AE4004BA20A413B000017619 /* Main.storyboard */,
				AE4004BD20A413B000017619 /* Assets.xcassets */,
				AE4004BF20A413B000017619 /* LaunchScreen.storyboard */,
				AE4004C220A413B000017619 /* Info.plist */,
				AE4004C320A413B000017619 /* main.m */,
			);
			path = KZ_VideoPlayer_iOS;
			sourceTree = "<group>";
		};
		AE4004CD20A4141E00017619 /* VideoPlayer */ = {
			isa = PBXGroup;
			children = (
				AEF94DEF21786F3E0063EE69 /* KZ_VideoPlayer_iOS.framework */,
			);
			path = VideoPlayer;
			sourceTree = "<group>";
		};
/* End PBXGroup section */

/* Begin PBXNativeTarget section */
		AE4004B120A413B000017619 /* KZ_VideoPlayer_iOS */ = {
			isa = PBXNativeTarget;
			buildConfigurationList = AE4004C520A413B000017619 /* Build configuration list for PBXNativeTarget "KZ_VideoPlayer_iOS" */;
			buildPhases = (
				1E1510944B911C793548F331 /* [CP] Check Pods Manifest.lock */,
				AE4004AE20A413B000017619 /* Sources */,
				AE4004AF20A413B000017619 /* Frameworks */,
				AE4004B020A413B000017619 /* Resources */,
			);
			buildRules = (
			);
			dependencies = (
			);
			name = KZ_VideoPlayer_iOS;
			productName = KZ_VideoPlayer_iOS;
			productReference = AE4004B220A413B000017619 /* KZ_VideoPlayer_iOS.app */;
			productType = "com.apple.product-type.application";
		};
/* End PBXNativeTarget section */

/* Begin PBXProject section */
		AE40048D20A413A500017619 /* Project object */ = {
			isa = PBXProject;
			attributes = {
				LastUpgradeCheck = 0930;
				ORGANIZATIONNAME = "Kieron Zhang";
				TargetAttributes = {
					AE4004B120A413B000017619 = {
						CreatedOnToolsVersion = 9.3;
					};
				};
			};
			buildConfigurationList = AE40049020A413A500017619 /* Build configuration list for PBXProject "KZ_VideoPlayer" */;
			compatibilityVersion = "Xcode 9.3";
			developmentRegion = en;
			hasScannedForEncodings = 0;
			knownRegions = (
				en,
				Base,
			);
			mainGroup = AE40048C20A413A500017619;
			productRefGroup = AE40049620A413A500017619 /* Products */;
			projectDirPath = "";
			projectRoot = "";
			targets = (
				AE4004B120A413B000017619 /* KZ_VideoPlayer_iOS */,
			);
		};
/* End PBXProject section */

/* Begin PBXResourcesBuildPhase section */
		AE4004B020A413B000017619 /* Resources */ = {
			isa = PBXResourcesBuildPhase;
			buildActionMask = 2147483647;
			files = (
				AE4004C120A413B000017619 /* LaunchScreen.storyboard in Resources */,
				AE4004E020A414F500017619 /* KZ_VideoPlayer_Bundle.bundle in Resources */,
				AE4004BE20A413B000017619 /* Assets.xcassets in Resources */,
				AE4004BC20A413B000017619 /* Main.storyboard in Resources */,
			);
			runOnlyForDeploymentPostprocessing = 0;
		};
/* End PBXResourcesBuildPhase section */

/* Begin PBXShellScriptBuildPhase section */
		1E1510944B911C793548F331 /* [CP] Check Pods Manifest.lock */ = {
			isa = PBXShellScriptBuildPhase;
			buildActionMask = 2147483647;
			files = (
			);
			inputPaths = (
				"${PODS_PODFILE_DIR_PATH}/Podfile.lock",
				"${PODS_ROOT}/Manifest.lock",
			);
			name = "[CP] Check Pods Manifest.lock";
			outputPaths = (
				"$(DERIVED_FILE_DIR)/Pods-KZ_VideoPlayer_iOS-checkManifestLockResult.txt",
			);
			runOnlyForDeploymentPostprocessing = 0;
			shellPath = /bin/sh;
			shellScript = "diff \"${PODS_PODFILE_DIR_PATH}/Podfile.lock\" \"${PODS_ROOT}/Manifest.lock\" > /dev/null\nif [ $? != 0 ] ; then\n    # print error to STDERR\n    echo \"error: The sandbox is not in sync with the Podfile.lock. Run 'pod install' or update your CocoaPods installation.\" >&2\n    exit 1\nfi\n# This output is used by Xcode 'outputs' to avoid re-running this script phase.\necho \"SUCCESS\" > \"${SCRIPT_OUTPUT_FILE_0}\"\n";
			showEnvVarsInLog = 0;
		};
/* End PBXShellScriptBuildPhase section */

/* Begin PBXSourcesBuildPhase section */
		AE4004AE20A413B000017619 /* Sources */ = {
			isa = PBXSourcesBuildPhase;
			buildActionMask = 2147483647;
			files = (
				AE4004B920A413B000017619 /* ViewController.m in Sources */,
				AE4004D220A4144800017619 /* NavigationController.m in Sources */,
				AE4004DB20A414B300017619 /* KZ_VideoPlayerCell.m in Sources */,
				AE4004C420A413B000017619 /* main.m in Sources */,
				AE4004B620A413B000017619 /* AppDelegate.m in Sources */,
				AE4004D820A4149700017619 /* KZ_VideoTableViewController.m in Sources */,
				AE4004DE20A414CC00017619 /* KZ_VideoModel.m in Sources */,
				AE4004D520A4148100017619 /* KZ_VideoPlayerViewController.m in Sources */,
			);
			runOnlyForDeploymentPostprocessing = 0;
		};
/* End PBXSourcesBuildPhase section */

/* Begin PBXVariantGroup section */
		AE4004BA20A413B000017619 /* Main.storyboard */ = {
			isa = PBXVariantGroup;
			children = (
				AE4004BB20A413B000017619 /* Base */,
			);
			name = Main.storyboard;
			sourceTree = "<group>";
		};
		AE4004BF20A413B000017619 /* LaunchScreen.storyboard */ = {
			isa = PBXVariantGroup;
			children = (
				AE4004C020A413B000017619 /* Base */,
			);
			name = LaunchScreen.storyboard;
			sourceTree = "<group>";
		};
/* End PBXVariantGroup section */

/* Begin XCBuildConfiguration section */
		AE4004A920A413A600017619 /* Debug */ = {
			isa = XCBuildConfiguration;
			buildSettings = {
				ALWAYS_SEARCH_USER_PATHS = NO;
				CLANG_ANALYZER_NONNULL = YES;
				CLANG_ANALYZER_NUMBER_OBJECT_CONVERSION = YES_AGGRESSIVE;
				CLANG_CXX_LANGUAGE_STANDARD = "gnu++14";
				CLANG_CXX_LIBRARY = "libc++";
				CLANG_ENABLE_MODULES = YES;
				CLANG_ENABLE_OBJC_ARC = YES;
				CLANG_ENABLE_OBJC_WEAK = YES;
				CLANG_WARN_BLOCK_CAPTURE_AUTORELEASING = YES;
				CLANG_WARN_BOOL_CONVERSION = YES;
				CLANG_WARN_COMMA = YES;
				CLANG_WARN_CONSTANT_CONVERSION = YES;
				CLANG_WARN_DEPRECATED_OBJC_IMPLEMENTATIONS = YES;
				CLANG_WARN_DIRECT_OBJC_ISA_USAGE = YES_ERROR;
				CLANG_WARN_DOCUMENTATION_COMMENTS = YES;
				CLANG_WARN_EMPTY_BODY = YES;
				CLANG_WARN_ENUM_CONVERSION = YES;
				CLANG_WARN_INFINITE_RECURSION = YES;
				CLANG_WARN_INT_CONVERSION = YES;
				CLANG_WARN_NON_LITERAL_NULL_CONVERSION = YES;
				CLANG_WARN_OBJC_IMPLICIT_RETAIN_SELF = YES;
				CLANG_WARN_OBJC_LITERAL_CONVERSION = YES;
				CLANG_WARN_OBJC_ROOT_CLASS = YES_ERROR;
				CLANG_WARN_RANGE_LOOP_ANALYSIS = YES;
				CLANG_WARN_STRICT_PROTOTYPES = YES;
				CLANG_WARN_SUSPICIOUS_MOVE = YES;
				CLANG_WARN_UNGUARDED_AVAILABILITY = YES_AGGRESSIVE;
				CLANG_WARN_UNREACHABLE_CODE = YES;
				CLANG_WARN__DUPLICATE_METHOD_MATCH = YES;
				CODE_SIGN_IDENTITY = "iPhone Developer";
				COPY_PHASE_STRIP = NO;
				DEBUG_INFORMATION_FORMAT = dwarf;
				ENABLE_STRICT_OBJC_MSGSEND = YES;
				ENABLE_TESTABILITY = YES;
				GCC_C_LANGUAGE_STANDARD = gnu11;
				GCC_DYNAMIC_NO_PIC = NO;
				GCC_NO_COMMON_BLOCKS = YES;
				GCC_OPTIMIZATION_LEVEL = 0;
				GCC_PREPROCESSOR_DEFINITIONS = (
					"DEBUG=1",
					"$(inherited)",
				);
				GCC_WARN_64_TO_32_BIT_CONVERSION = YES;
				GCC_WARN_ABOUT_RETURN_TYPE = YES_ERROR;
				GCC_WARN_UNDECLARED_SELECTOR = YES;
				GCC_WARN_UNINITIALIZED_AUTOS = YES_AGGRESSIVE;
				GCC_WARN_UNUSED_FUNCTION = YES;
				GCC_WARN_UNUSED_VARIABLE = YES;
				IPHONEOS_DEPLOYMENT_TARGET = 8.0;
				MTL_ENABLE_DEBUG_INFO = YES;
				ONLY_ACTIVE_ARCH = YES;
				SDKROOT = iphoneos;
			};
			name = Debug;
		};
		AE4004AA20A413A600017619 /* Release */ = {
			isa = XCBuildConfiguration;
			buildSettings = {
				ALWAYS_SEARCH_USER_PATHS = NO;
				CLANG_ANALYZER_NONNULL = YES;
				CLANG_ANALYZER_NUMBER_OBJECT_CONVERSION = YES_AGGRESSIVE;
				CLANG_CXX_LANGUAGE_STANDARD = "gnu++14";
				CLANG_CXX_LIBRARY = "libc++";
				CLANG_ENABLE_MODULES = YES;
				CLANG_ENABLE_OBJC_ARC = YES;
				CLANG_ENABLE_OBJC_WEAK = YES;
				CLANG_WARN_BLOCK_CAPTURE_AUTORELEASING = YES;
				CLANG_WARN_BOOL_CONVERSION = YES;
				CLANG_WARN_COMMA = YES;
				CLANG_WARN_CONSTANT_CONVERSION = YES;
				CLANG_WARN_DEPRECATED_OBJC_IMPLEMENTATIONS = YES;
				CLANG_WARN_DIRECT_OBJC_ISA_USAGE = YES_ERROR;
				CLANG_WARN_DOCUMENTATION_COMMENTS = YES;
				CLANG_WARN_EMPTY_BODY = YES;
				CLANG_WARN_ENUM_CONVERSION = YES;
				CLANG_WARN_INFINITE_RECURSION = YES;
				CLANG_WARN_INT_CONVERSION = YES;
				CLANG_WARN_NON_LITERAL_NULL_CONVERSION = YES;
				CLANG_WARN_OBJC_IMPLICIT_RETAIN_SELF = YES;
				CLANG_WARN_OBJC_LITERAL_CONVERSION = YES;
				CLANG_WARN_OBJC_ROOT_CLASS = YES_ERROR;
				CLANG_WARN_RANGE_LOOP_ANALYSIS = YES;
				CLANG_WARN_STRICT_PROTOTYPES = YES;
				CLANG_WARN_SUSPICIOUS_MOVE = YES;
				CLANG_WARN_UNGUARDED_AVAILABILITY = YES_AGGRESSIVE;
				CLANG_WARN_UNREACHABLE_CODE = YES;
				CLANG_WARN__DUPLICATE_METHOD_MATCH = YES;
				CODE_SIGN_IDENTITY = "iPhone Developer";
				COPY_PHASE_STRIP = NO;
				DEBUG_INFORMATION_FORMAT = "dwarf-with-dsym";
				ENABLE_NS_ASSERTIONS = NO;
				ENABLE_STRICT_OBJC_MSGSEND = YES;
				GCC_C_LANGUAGE_STANDARD = gnu11;
				GCC_NO_COMMON_BLOCKS = YES;
				GCC_WARN_64_TO_32_BIT_CONVERSION = YES;
				GCC_WARN_ABOUT_RETURN_TYPE = YES_ERROR;
				GCC_WARN_UNDECLARED_SELECTOR = YES;
				GCC_WARN_UNINITIALIZED_AUTOS = YES_AGGRESSIVE;
				GCC_WARN_UNUSED_FUNCTION = YES;
				GCC_WARN_UNUSED_VARIABLE = YES;
				IPHONEOS_DEPLOYMENT_TARGET = 8.0;
				MTL_ENABLE_DEBUG_INFO = NO;
				SDKROOT = iphoneos;
				VALIDATE_PRODUCT = YES;
			};
			name = Release;
		};
		AE4004C620A413B000017619 /* Debug */ = {
			isa = XCBuildConfiguration;
			baseConfigurationReference = 275620E4BFCA241BAFD7E9E3 /* Pods-KZ_VideoPlayer_iOS.debug.xcconfig */;
			buildSettings = {
				ASSETCATALOG_COMPILER_APPICON_NAME = AppIcon;
				ASSETCATALOG_COMPILER_LAUNCHIMAGE_NAME = LaunchImage;
				CODE_SIGN_STYLE = Automatic;
				DEVELOPMENT_TEAM = TGTFTDLM8G;
				FRAMEWORK_SEARCH_PATHS = (
					"$(inherited)",
					"$(PROJECT_DIR)/KZ_VideoPlayer_iOS/VideoPlayer",
				);
				INFOPLIST_FILE = KZ_VideoPlayer_iOS/Info.plist;
				IPHONEOS_DEPLOYMENT_TARGET = 8.0;
				LD_RUNPATH_SEARCH_PATHS = (
					"$(inherited)",
					"@executable_path/Frameworks",
				);
				PRODUCT_BUNDLE_IDENTIFIER = com.kieronzhang.VideoPlayer;
				PRODUCT_NAME = "$(TARGET_NAME)";
				TARGETED_DEVICE_FAMILY = 1;
			};
			name = Debug;
		};
		AE4004C720A413B000017619 /* Release */ = {
			isa = XCBuildConfiguration;
			baseConfigurationReference = DAD090BD4789495168E7DA13 /* Pods-KZ_VideoPlayer_iOS.release.xcconfig */;
			buildSettings = {
				ASSETCATALOG_COMPILER_APPICON_NAME = AppIcon;
				ASSETCATALOG_COMPILER_LAUNCHIMAGE_NAME = LaunchImage;
				CODE_SIGN_STYLE = Automatic;
				DEVELOPMENT_TEAM = TGTFTDLM8G;
				FRAMEWORK_SEARCH_PATHS = (
					"$(inherited)",
					"$(PROJECT_DIR)/KZ_VideoPlayer_iOS/VideoPlayer",
				);
				INFOPLIST_FILE = KZ_VideoPlayer_iOS/Info.plist;
				IPHONEOS_DEPLOYMENT_TARGET = 8.0;
				LD_RUNPATH_SEARCH_PATHS = (
					"$(inherited)",
					"@executable_path/Frameworks",
				);
				PRODUCT_BUNDLE_IDENTIFIER = com.kieronzhang.VideoPlayer;
				PRODUCT_NAME = "$(TARGET_NAME)";
				TARGETED_DEVICE_FAMILY = 1;
			};
			name = Release;
		};
/* End XCBuildConfiguration section */

/* Begin XCConfigurationList section */
		AE40049020A413A500017619 /* Build configuration list for PBXProject "KZ_VideoPlayer" */ = {
			isa = XCConfigurationList;
			buildConfigurations = (
				AE4004A920A413A600017619 /* Debug */,
				AE4004AA20A413A600017619 /* Release */,
			);
			defaultConfigurationIsVisible = 0;
			defaultConfigurationName = Release;
		};
		AE4004C520A413B000017619 /* Build configuration list for PBXNativeTarget "KZ_VideoPlayer_iOS" */ = {
			isa = XCConfigurationList;
			buildConfigurations = (
				AE4004C620A413B000017619 /* Debug */,
				AE4004C720A413B000017619 /* Release */,
			);
			defaultConfigurationIsVisible = 0;
			defaultConfigurationName = Release;
		};
/* End XCConfigurationList section */
	};
	rootObject = AE40048D20A413A500017619 /* Project object */;
}
